
Microsoft Visual Studio Solution File, Format Version 12.00
# Visual Studio Version 16
VisualStudioVersion = 16.0.30320.27
MinimumVisualStudioVersion = 10.0.40219.1
Project("{9A19103F-16F7-4668-BE54-9A1E7A4F7556}") = "EFCore.WebAPI", "EFCore.WebAPI\EFCore.WebAPI.csproj", "{47C8B43E-376F-4BC2-91BB-D1350DC5B4EE}"
EndProject
Project("{FAE04EC0-301F-11D3-BF4B-00C04F79EFBC}") = "EFCore.Domain", "EFCore.Domain\EFCore.Domain.csproj", "{3D9D6536-C8B7-4016-AD68-1F83FA6C1C92}"
EndProject
Project("{FAE04EC0-301F-11D3-BF4B-00C04F79EFBC}") = "EFCore.Repository", "EFCore.Repository\EFCore.Repository.csproj", "{FECBD3AE-E4AA-4376-971F-E306C23C5AA0}"
EndProject
Global
	GlobalSection(SolutionConfigurationPlatforms) = preSolution
		Debug|Any CPU = Debug|Any CPU
		Release|Any CPU = Release|Any CPU
	EndGlobalSection
	GlobalSection(ProjectConfigurationPlatforms) = postSolution
		{47C8B43E-376F-4BC2-91BB-D1350DC5B4EE}.Debug|Any CPU.ActiveCfg = Debug|Any CPU
		{47C8B43E-376F-4BC2-91BB-D1350DC5B4EE}.Debug|Any CPU.Build.0 = Debug|Any CPU
		{47C8B43E-376F-4BC2-91BB-D1350DC5B4EE}.Release|Any CPU.ActiveCfg = Release|Any CPU
		{47C8B43E-376F-4BC2-91BB-D1350DC5B4EE}.Release|Any CPU.Build.0 = Release|Any CPU
		{3D9D6536-C8B7-4016-AD68-1F83FA6C1C92}.Debug|Any CPU.ActiveCfg = Debug|Any CPU
		{3D9D6536-C8B7-4016-AD68-1F83FA6C1C92}.Debug|Any CPU.Build.0 = Debug|Any CPU
		{3D9D6536-C8B7-4016-AD68-1F83FA6C1C92}.Release|Any CPU.ActiveCfg = Release|Any CPU
		{3D9D6536-C8B7-4016-AD68-1F83FA6C1C92}.Release|Any CPU.Build.0 = Release|Any CPU
		{FECBD3AE-E4AA-4376-971F-E306C23C5AA0}.Debug|Any CPU.ActiveCfg = Debug|Any CPU
		{FECBD3AE-E4AA-4376-971F-E306C23C5AA0}.Debug|Any CPU.Build.0 = Debug|Any CPU
		{FECBD3AE-E4AA-4376-971F-E306C23C5AA0}.Release|Any CPU.ActiveCfg = Release|Any CPU
		{FECBD3AE-E4AA-4376-971F-E306C23C5AA0}.Release|Any CPU.Build.0 = Release|Any CPU
	EndGlobalSection
	GlobalSection(SolutionProperties) = preSolution
		HideSolutionNode = FALSE
	EndGlobalSection
	GlobalSection(ExtensibilityGlobals) = postSolution
		SolutionGuid = {049D8E56-7CDA-4D63-9040-5DED070C7B90}
	EndGlobalSection
EndGlobal
